
Microsoft Visual Studio Solution File, Format Version 12.00
# Visual Studio Version 17
VisualStudioVersion = 17.8.34112.27
MinimumVisualStudioVersion = 10.0.40219.1
Project("{FAE04EC0-301F-11D3-BF4B-00C04F79EFBC}") = "Algorithms_BinarySearch", "Algorithms_BinarySearch.csproj", "{98492808-3AD1-459C-96F7-16B0D511DB56}"
EndProject
Global
	GlobalSection(SolutionConfigurationPlatforms) = preSolution
		Debug|Any CPU = Debug|Any CPU
		Release|Any CPU = Release|Any CPU
	EndGlobalSection
	GlobalSection(ProjectConfigurationPlatforms) = postSolution
		{98492808-3AD1-459C-96F7-16B0D511DB56}.Debug|Any CPU.ActiveCfg = Debug|Any CPU
		{98492808-3AD1-459C-96F7-16B0D511DB56}.Debug|Any CPU.Build.0 = Debug|Any CPU
		{98492808-3AD1-459C-96F7-16B0D511DB56}.Release|Any CPU.ActiveCfg = Release|Any CPU
		{98492808-3AD1-459C-96F7-16B0D511DB56}.Release|Any CPU.Build.0 = Release|Any CPU
	EndGlobalSection
	GlobalSection(SolutionProperties) = preSolution
		HideSolutionNode = FALSE
	EndGlobalSection
	GlobalSection(ExtensibilityGlobals) = postSolution
		SolutionGuid = {91E298CF-A48E-40D8-BD33-E7309AACB157}
	EndGlobalSection
EndGlobal
